// !$*UTF8*$!
{
	archiveVersion = 1;
	classes = {
	};
	objectVersion = 50;
	objects = {

/* Begin PBXBuildFile section */
		176294202590DAEC0088CC55 /* GeometryReaderApp.swift in Sources */ = {isa = PBXBuildFile; fileRef = 1762941F2590DAEC0088CC55 /* GeometryReaderApp.swift */; };
		176294222590DAEC0088CC55 /* ContentView.swift in Sources */ = {isa = PBXBuildFile; fileRef = 176294212590DAEC0088CC55 /* ContentView.swift */; };
		176294242590DAF10088CC55 /* Assets.xcassets in Resources */ = {isa = PBXBuildFile; fileRef = 176294232590DAF10088CC55 /* Assets.xcassets */; };
		176294272590DAF10088CC55 /* Preview Assets.xcassets in Resources */ = {isa = PBXBuildFile; fileRef = 176294262590DAF10088CC55 /* Preview Assets.xcassets */; };
		17A42D342591034B00687F66 /* Introduction.swift in Sources */ = {isa = PBXBuildFile; fileRef = 17A42D332591034B00687F66 /* Introduction.swift */; };
		17A42D3D2591048F00687F66 /* GettingTheOrigin.swift in Sources */ = {isa = PBXBuildFile; fileRef = 17A42D3C2591048F00687F66 /* GettingTheOrigin.swift */; };
		17A42D412591071600687F66 /* ParallaxScrolling.swift in Sources */ = {isa = PBXBuildFile; fileRef = 17A42D402591071600687F66 /* ParallaxScrolling.swift */; };
		17A42D442591077100687F66 /* Tile.swift in Sources */ = {isa = PBXBuildFile; fileRef = 17A42D432591077100687F66 /* Tile.swift */; };
		17A42D48259137BB00687F66 /* GettingSizeWithGeometryReader.swift in Sources */ = {isa = PBXBuildFile; fileRef = 17A42D47259137BB00687F66 /* GettingSizeWithGeometryReader.swift */; };
		17A42D4B2591383500687F66 /* LayingOutUsingPhi.swift in Sources */ = {isa = PBXBuildFile; fileRef = 17A42D4A2591383500687F66 /* LayingOutUsingPhi.swift */; };
		17A42D4F2591398D00687F66 /* StickyHeader.swift in Sources */ = {isa = PBXBuildFile; fileRef = 17A42D4E2591398D00687F66 /* StickyHeader.swift */; };
/* End PBXBuildFile section */

/* Begin PBXFileReference section */
		1762941C2590DAEC0088CC55 /* GeometryReader.app */ = {isa = PBXFileReference; explicitFileType = wrapper.application; includeInIndex = 0; path = GeometryReader.app; sourceTree = BUILT_PRODUCTS_DIR; };
		1762941F2590DAEC0088CC55 /* GeometryReaderApp.swift */ = {isa = PBXFileReference; lastKnownFileType = sourcecode.swift; path = GeometryReaderApp.swift; sourceTree = "<group>"; };
		176294212590DAEC0088CC55 /* ContentView.swift */ = {isa = PBXFileReference; lastKnownFileType = sourcecode.swift; path = ContentView.swift; sourceTree = "<group>"; };
		176294232590DAF10088CC55 /* Assets.xcassets */ = {isa = PBXFileReference; lastKnownFileType = folder.assetcatalog; path = Assets.xcassets; sourceTree = "<group>"; };
		176294262590DAF10088CC55 /* Preview Assets.xcassets */ = {isa = PBXFileReference; lastKnownFileType = folder.assetcatalog; path = "Preview Assets.xcassets"; sourceTree = "<group>"; };
		176294282590DAF10088CC55 /* Info.plist */ = {isa = PBXFileReference; lastKnownFileType = text.plist.xml; path = Info.plist; sourceTree = "<group>"; };
		17A42D332591034B00687F66 /* Introduction.swift */ = {isa = PBXFileReference; lastKnownFileType = sourcecode.swift; path = Introduction.swift; sourceTree = "<group>"; };
		17A42D3C2591048F00687F66 /* GettingTheOrigin.swift */ = {isa = PBXFileReference; lastKnownFileType = sourcecode.swift; path = GettingTheOrigin.swift; sourceTree = "<group>"; };
		17A42D402591071600687F66 /* ParallaxScrolling.swift */ = {isa = PBXFileReference; lastKnownFileType = sourcecode.swift; path = ParallaxScrolling.swift; sourceTree = "<group>"; };
		17A42D432591077100687F66 /* Tile.swift */ = {isa = PBXFileReference; lastKnownFileType = sourcecode.swift; path = Tile.swift; sourceTree = "<group>"; };
		17A42D47259137BB00687F66 /* GettingSizeWithGeometryReader.swift */ = {isa = PBXFileReference; lastKnownFileType = sourcecode.swift; path = GettingSizeWithGeometryReader.swift; sourceTree = "<group>"; };
		17A42D4A2591383500687F66 /* LayingOutUsingPhi.swift */ = {isa = PBXFileReference; lastKnownFileType = sourcecode.swift; path = LayingOutUsingPhi.swift; sourceTree = "<group>"; };
		17A42D4E2591398D00687F66 /* StickyHeader.swift */ = {isa = PBXFileReference; lastKnownFileType = sourcecode.swift; path = StickyHeader.swift; sourceTree = "<group>"; };
		17A42D512591415600687F66 /* README.md */ = {isa = PBXFileReference; lastKnownFileType = net.daringfireball.markdown; path = README.md; sourceTree = "<group>"; };
/* End PBXFileReference section */

/* Begin PBXFrameworksBuildPhase section */
		176294192590DAEC0088CC55 /* Frameworks */ = {
			isa = PBXFrameworksBuildPhase;
			buildActionMask = 2147483647;
			files = (
			);
			runOnlyForDeploymentPostprocessing = 0;
		};
/* End PBXFrameworksBuildPhase section */

/* Begin PBXGroup section */
		176294132590DAEC0088CC55 = {
			isa = PBXGroup;
			children = (
				17A42D512591415600687F66 /* README.md */,
				1762941E2590DAEC0088CC55 /* GeometryReader */,
				1762941D2590DAEC0088CC55 /* Products */,
			);
			sourceTree = "<group>";
		};
		1762941D2590DAEC0088CC55 /* Products */ = {
			isa = PBXGroup;
			children = (
				1762941C2590DAEC0088CC55 /* GeometryReader.app */,
			);
			name = Products;
			sourceTree = "<group>";
		};
		1762941E2590DAEC0088CC55 /* GeometryReader */ = {
			isa = PBXGroup;
			children = (
				1762941F2590DAEC0088CC55 /* GeometryReaderApp.swift */,
				176294212590DAEC0088CC55 /* ContentView.swift */,
				17A42D362591035A00687F66 /* Part-1 */,
				17A42D3B2591040B00687F66 /* Part-2 */,
				17A42D3F259106A200687F66 /* Part-3 */,
				17A42D462591375100687F66 /* Part-4 */,
				17A42D4D2591391000687F66 /* Part-5 */,
				176294232590DAF10088CC55 /* Assets.xcassets */,
				176294282590DAF10088CC55 /* Info.plist */,
				176294252590DAF10088CC55 /* Preview Content */,
			);
			path = GeometryReader;
			sourceTree = "<group>";
		};
		176294252590DAF10088CC55 /* Preview Content */ = {
			isa = PBXGroup;
			children = (
				176294262590DAF10088CC55 /* Preview Assets.xcassets */,
			);
			path = "Preview Content";
			sourceTree = "<group>";
		};
		17A42D362591035A00687F66 /* Part-1 */ = {
			isa = PBXGroup;
			children = (
				17A42D332591034B00687F66 /* Introduction.swift */,
			);
			path = "Part-1";
			sourceTree = "<group>";
		};
		17A42D3B2591040B00687F66 /* Part-2 */ = {
			isa = PBXGroup;
			children = (
				17A42D3C2591048F00687F66 /* GettingTheOrigin.swift */,
			);
			path = "Part-2";
			sourceTree = "<group>";
		};
		17A42D3F259106A200687F66 /* Part-3 */ = {
			isa = PBXGroup;
			children = (
				17A42D402591071600687F66 /* ParallaxScrolling.swift */,
				17A42D432591077100687F66 /* Tile.swift */,
			);
			path = "Part-3";
			sourceTree = "<group>";
		};
		17A42D462591375100687F66 /* Part-4 */ = {
			isa = PBXGroup;
			children = (
				17A42D47259137BB00687F66 /* GettingSizeWithGeometryReader.swift */,
				17A42D4A2591383500687F66 /* LayingOutUsingPhi.swift */,
			);
			path = "Part-4";
			sourceTree = "<group>";
		};
		17A42D4D2591391000687F66 /* Part-5 */ = {
			isa = PBXGroup;
			children = (
				17A42D4E2591398D00687F66 /* StickyHeader.swift */,
			);
			path = "Part-5";
			sourceTree = "<group>";
		};
/* End PBXGroup section */

/* Begin PBXNativeTarget section */
		1762941B2590DAEC0088CC55 /* GeometryReader */ = {
			isa = PBXNativeTarget;
			buildConfigurationList = 1762942B2590DAF10088CC55 /* Build configuration list for PBXNativeTarget "GeometryReader" */;
			buildPhases = (
				176294182590DAEC0088CC55 /* Sources */,
				176294192590DAEC0088CC55 /* Frameworks */,
				1762941A2590DAEC0088CC55 /* Resources */,
			);
			buildRules = (
			);
			dependencies = (
			);
			name = GeometryReader;
			productName = GeometryReader;
			productReference = 1762941C2590DAEC0088CC55 /* GeometryReader.app */;
			productType = "com.apple.product-type.application";
		};
/* End PBXNativeTarget section */

/* Begin PBXProject section */
		176294142590DAEC0088CC55 /* Project object */ = {
			isa = PBXProject;
			attributes = {
				LastSwiftUpdateCheck = 1230;
				LastUpgradeCheck = 1230;
				TargetAttributes = {
					1762941B2590DAEC0088CC55 = {
						CreatedOnToolsVersion = 12.3;
					};
				};
			};
			buildConfigurationList = 176294172590DAEC0088CC55 /* Build configuration list for PBXProject "GeometryReader" */;
			compatibilityVersion = "Xcode 9.3";
			developmentRegion = en;
			hasScannedForEncodings = 0;
			knownRegions = (
				en,
				Base,
			);
			mainGroup = 176294132590DAEC0088CC55;
			productRefGroup = 1762941D2590DAEC0088CC55 /* Products */;
			projectDirPath = "";
			projectRoot = "";
			targets = (
				1762941B2590DAEC0088CC55 /* GeometryReader */,
			);
		};
/* End PBXProject section */

/* Begin PBXResourcesBuildPhase section */
		1762941A2590DAEC0088CC55 /* Resources */ = {
			isa = PBXResourcesBuildPhase;
			buildActionMask = 2147483647;
			files = (
				176294272590DAF10088CC55 /* Preview Assets.xcassets in Resources */,
				176294242590DAF10088CC55 /* Assets.xcassets in Resources */,
			);
			runOnlyForDeploymentPostprocessing = 0;
		};
/* End PBXResourcesBuildPhase section */

/* Begin PBXSourcesBuildPhase section */
		176294182590DAEC0088CC55 /* Sources */ = {
			isa = PBXSourcesBuildPhase;
			buildActionMask = 2147483647;
			files = (
				17A42D4F2591398D00687F66 /* StickyHeader.swift in Sources */,
				17A42D3D2591048F00687F66 /* GettingTheOrigin.swift in Sources */,
				176294222590DAEC0088CC55 /* ContentView.swift in Sources */,
				17A42D48259137BB00687F66 /* GettingSizeWithGeometryReader.swift in Sources */,
				17A42D342591034B00687F66 /* Introduction.swift in Sources */,
				17A42D442591077100687F66 /* Tile.swift in Sources */,
				17A42D4B2591383500687F66 /* LayingOutUsingPhi.swift in Sources */,
				17A42D412591071600687F66 /* ParallaxScrolling.swift in Sources */,
				176294202590DAEC0088CC55 /* GeometryReaderApp.swift in Sources */,
			);
			runOnlyForDeploymentPostprocessing = 0;
		};
/* End PBXSourcesBuildPhase section */

/* Begin XCBuildConfiguration section */
		176294292590DAF10088CC55 /* Debug */ = {
			isa = XCBuildConfiguration;
			buildSettings = {
				ALWAYS_SEARCH_USER_PATHS = NO;
				CLANG_ANALYZER_NONNULL = YES;
				CLANG_ANALYZER_NUMBER_OBJECT_CONVERSION = YES_AGGRESSIVE;
				CLANG_CXX_LANGUAGE_STANDARD = "gnu++14";
				CLANG_CXX_LIBRARY = "libc++";
				CLANG_ENABLE_MODULES = YES;
				CLANG_ENABLE_OBJC_ARC = YES;
				CLANG_ENABLE_OBJC_WEAK = YES;
				CLANG_WARN_BLOCK_CAPTURE_AUTORELEASING = YES;
				CLANG_WARN_BOOL_CONVERSION = YES;
				CLANG_WARN_COMMA = YES;
				CLANG_WARN_CONSTANT_CONVERSION = YES;
				CLANG_WARN_DEPRECATED_OBJC_IMPLEMENTATIONS = YES;
				CLANG_WARN_DIRECT_OBJC_ISA_USAGE = YES_ERROR;
				CLANG_WARN_DOCUMENTATION_COMMENTS = YES;
				CLANG_WARN_EMPTY_BODY = YES;
				CLANG_WARN_ENUM_CONVERSION = YES;
				CLANG_WARN_INFINITE_RECURSION = YES;
				CLANG_WARN_INT_CONVERSION = YES;
				CLANG_WARN_NON_LITERAL_NULL_CONVERSION = YES;
				CLANG_WARN_OBJC_IMPLICIT_RETAIN_SELF = YES;
				CLANG_WARN_OBJC_LITERAL_CONVERSION = YES;
				CLANG_WARN_OBJC_ROOT_CLASS = YES_ERROR;
				CLANG_WARN_QUOTED_INCLUDE_IN_FRAMEWORK_HEADER = YES;
				CLANG_WARN_RANGE_LOOP_ANALYSIS = YES;
				CLANG_WARN_STRICT_PROTOTYPES = YES;
				CLANG_WARN_SUSPICIOUS_MOVE = YES;
				CLANG_WARN_UNGUARDED_AVAILABILITY = YES_AGGRESSIVE;
				CLANG_WARN_UNREACHABLE_CODE = YES;
				CLANG_WARN__DUPLICATE_METHOD_MATCH = YES;
				COPY_PHASE_STRIP = NO;
				DEBUG_INFORMATION_FORMAT = dwarf;
				ENABLE_STRICT_OBJC_MSGSEND = YES;
				ENABLE_TESTABILITY = YES;
				GCC_C_LANGUAGE_STANDARD = gnu11;
				GCC_DYNAMIC_NO_PIC = NO;
				GCC_NO_COMMON_BLOCKS = YES;
				GCC_OPTIMIZATION_LEVEL = 0;
				GCC_PREPROCESSOR_DEFINITIONS = (
					"DEBUG=1",
					"$(inherited)",
				);
				GCC_WARN_64_TO_32_BIT_CONVERSION = YES;
				GCC_WARN_ABOUT_RETURN_TYPE = YES_ERROR;
				GCC_WARN_UNDECLARED_SELECTOR = YES;
				GCC_WARN_UNINITIALIZED_AUTOS = YES_AGGRESSIVE;
				GCC_WARN_UNUSED_FUNCTION = YES;
				GCC_WARN_UNUSED_VARIABLE = YES;
				IPHONEOS_DEPLOYMENT_TARGET = 14.3;
				MTL_ENABLE_DEBUG_INFO = INCLUDE_SOURCE;
				MTL_FAST_MATH = YES;
				ONLY_ACTIVE_ARCH = YES;
				SDKROOT = iphoneos;
				SWIFT_ACTIVE_COMPILATION_CONDITIONS = DEBUG;
				SWIFT_OPTIMIZATION_LEVEL = "-Onone";
			};
			name = Debug;
		};
		1762942A2590DAF10088CC55 /* Release */ = {
			isa = XCBuildConfiguration;
			buildSettings = {
				ALWAYS_SEARCH_USER_PATHS = NO;
				CLANG_ANALYZER_NONNULL = YES;
				CLANG_ANALYZER_NUMBER_OBJECT_CONVERSION = YES_AGGRESSIVE;
				CLANG_CXX_LANGUAGE_STANDARD = "gnu++14";
				CLANG_CXX_LIBRARY = "libc++";
				CLANG_ENABLE_MODULES = YES;
				CLANG_ENABLE_OBJC_ARC = YES;
				CLANG_ENABLE_OBJC_WEAK = YES;
				CLANG_WARN_BLOCK_CAPTURE_AUTORELEASING = YES;
				CLANG_WARN_BOOL_CONVERSION = YES;
				CLANG_WARN_COMMA = YES;
				CLANG_WARN_CONSTANT_CONVERSION = YES;
				CLANG_WARN_DEPRECATED_OBJC_IMPLEMENTATIONS = YES;
				CLANG_WARN_DIRECT_OBJC_ISA_USAGE = YES_ERROR;
				CLANG_WARN_DOCUMENTATION_COMMENTS = YES;
				CLANG_WARN_EMPTY_BODY = YES;
				CLANG_WARN_ENUM_CONVERSION = YES;
				CLANG_WARN_INFINITE_RECURSION = YES;
				CLANG_WARN_INT_CONVERSION = YES;
				CLANG_WARN_NON_LITERAL_NULL_CONVERSION = YES;
				CLANG_WARN_OBJC_IMPLICIT_RETAIN_SELF = YES;
				CLANG_WARN_OBJC_LITERAL_CONVERSION = YES;
				CLANG_WARN_OBJC_ROOT_CLASS = YES_ERROR;
				CLANG_WARN_QUOTED_INCLUDE_IN_FRAMEWORK_HEADER = YES;
				CLANG_WARN_RANGE_LOOP_ANALYSIS = YES;
				CLANG_WARN_STRICT_PROTOTYPES = YES;
				CLANG_WARN_SUSPICIOUS_MOVE = YES;
				CLANG_WARN_UNGUARDED_AVAILABILITY = YES_AGGRESSIVE;
				CLANG_WARN_UNREACHABLE_CODE = YES;
				CLANG_WARN__DUPLICATE_METHOD_MATCH = YES;
				COPY_PHASE_STRIP = NO;
				DEBUG_INFORMATION_FORMAT = "dwarf-with-dsym";
				ENABLE_NS_ASSERTIONS = NO;
				ENABLE_STRICT_OBJC_MSGSEND = YES;
				GCC_C_LANGUAGE_STANDARD = gnu11;
				GCC_NO_COMMON_BLOCKS = YES;
				GCC_WARN_64_TO_32_BIT_CONVERSION = YES;
				GCC_WARN_ABOUT_RETURN_TYPE = YES_ERROR;
				GCC_WARN_UNDECLARED_SELECTOR = YES;
				GCC_WARN_UNINITIALIZED_AUTOS = YES_AGGRESSIVE;
				GCC_WARN_UNUSED_FUNCTION = YES;
				GCC_WARN_UNUSED_VARIABLE = YES;
				IPHONEOS_DEPLOYMENT_TARGET = 14.3;
				MTL_ENABLE_DEBUG_INFO = NO;
				MTL_FAST_MATH = YES;
				SDKROOT = iphoneos;
				SWIFT_COMPILATION_MODE = wholemodule;
				SWIFT_OPTIMIZATION_LEVEL = "-O";
				VALIDATE_PRODUCT = YES;
			};
			name = Release;
		};
		1762942C2590DAF10088CC55 /* Debug */ = {
			isa = XCBuildConfiguration;
			buildSettings = {
				ASSETCATALOG_COMPILER_APPICON_NAME = AppIcon;
				ASSETCATALOG_COMPILER_GLOBAL_ACCENT_COLOR_NAME = AccentColor;
				CODE_SIGN_STYLE = Automatic;
				DEVELOPMENT_ASSET_PATHS = "\"GeometryReader/Preview Content\"";
				DEVELOPMENT_TEAM = P8CC95REUG;
				ENABLE_PREVIEWS = YES;
				INFOPLIST_FILE = GeometryReader/Info.plist;
				IPHONEOS_DEPLOYMENT_TARGET = 14.0;
				LD_RUNPATH_SEARCH_PATHS = (
					"$(inherited)",
					"@executable_path/Frameworks",
				);
				PRODUCT_BUNDLE_IDENTIFIER = com.yourcompany.GeometryReader;
				PRODUCT_NAME = "$(TARGET_NAME)";
				SWIFT_VERSION = 5.0;
				TARGETED_DEVICE_FAMILY = "1,2";
			};
			name = Debug;
		};
		1762942D2590DAF10088CC55 /* Release */ = {
			isa = XCBuildConfiguration;
			buildSettings = {
				ASSETCATALOG_COMPILER_APPICON_NAME = AppIcon;
				ASSETCATALOG_COMPILER_GLOBAL_ACCENT_COLOR_NAME = AccentColor;
				CODE_SIGN_STYLE = Automatic;
				DEVELOPMENT_ASSET_PATHS = "\"GeometryReader/Preview Content\"";
				DEVELOPMENT_TEAM = P8CC95REUG;
				ENABLE_PREVIEWS = YES;
				INFOPLIST_FILE = GeometryReader/Info.plist;
				IPHONEOS_DEPLOYMENT_TARGET = 14.0;
				LD_RUNPATH_SEARCH_PATHS = (
					"$(inherited)",
					"@executable_path/Frameworks",
				);
				PRODUCT_BUNDLE_IDENTIFIER = com.yourcompany.GeometryReader;
				PRODUCT_NAME = "$(TARGET_NAME)";
				SWIFT_VERSION = 5.0;
				TARGETED_DEVICE_FAMILY = "1,2";
			};
			name = Release;
		};
/* End XCBuildConfiguration section */

/* Begin XCConfigurationList section */
		176294172590DAEC0088CC55 /* Build configuration list for PBXProject "GeometryReader" */ = {
			isa = XCConfigurationList;
			buildConfigurations = (
				176294292590DAF10088CC55 /* Debug */,
				1762942A2590DAF10088CC55 /* Release */,
			);
			defaultConfigurationIsVisible = 0;
			defaultConfigurationName = Release;
		};
		1762942B2590DAF10088CC55 /* Build configuration list for PBXNativeTarget "GeometryReader" */ = {
			isa = XCConfigurationList;
			buildConfigurations = (
				1762942C2590DAF10088CC55 /* Debug */,
				1762942D2590DAF10088CC55 /* Release */,
			);
			defaultConfigurationIsVisible = 0;
			defaultConfigurationName = Release;
		};
/* End XCConfigurationList section */
	};
	rootObject = 176294142590DAEC0088CC55 /* Project object */;
}
